// !$*UTF8*$!
{
	archiveVersion = 1;
	classes = {
	};
	objectVersion = 51;
	objects = {

/* Begin PBXBuildFile section */
		2914ECB22441AB7900164809 /* MINGPublishViewController.m in Sources */ = {isa = PBXBuildFile; fileRef = 2914ECB12441AB7900164809 /* MINGPublishViewController.m */; };
		2914ECB52441B44800164809 /* MINGVideoDetailViewController.m in Sources */ = {isa = PBXBuildFile; fileRef = 2914ECB42441B44800164809 /* MINGVideoDetailViewController.m */; };
		2914ECB82441B46100164809 /* MINGTweetsDetailViewController.m in Sources */ = {isa = PBXBuildFile; fileRef = 2914ECB72441B46100164809 /* MINGTweetsDetailViewController.m */; };
		2914ECBE2441B91C00164809 /* MINGCircleVideoListViewModel.m in Sources */ = {isa = PBXBuildFile; fileRef = 2914ECBD2441B91C00164809 /* MINGCircleVideoListViewModel.m */; };
		2914ECC12441B94C00164809 /* MINGVideo.m in Sources */ = {isa = PBXBuildFile; fileRef = 2914ECC02441B94C00164809 /* MINGVideo.m */; };
		296036192447F80C008C9A50 /* MINGTweets.m in Sources */ = {isa = PBXBuildFile; fileRef = 296036182447F80C008C9A50 /* MINGTweets.m */; };
		2960361C2447F81B008C9A50 /* MINGTweetsItem.m in Sources */ = {isa = PBXBuildFile; fileRef = 2960361B2447F81B008C9A50 /* MINGTweetsItem.m */; };
		29786E032443074900F9C3C7 /* MINGUser.m in Sources */ = {isa = PBXBuildFile; fileRef = 29786E022443074900F9C3C7 /* MINGUser.m */; };
		29786E062443085E00F9C3C7 /* MINGVideoItem.m in Sources */ = {isa = PBXBuildFile; fileRef = 29786E052443085E00F9C3C7 /* MINGVideoItem.m */; };
		29786E0A24430F2700F9C3C7 /* MINGVideoCellView.m in Sources */ = {isa = PBXBuildFile; fileRef = 29786E0924430F2700F9C3C7 /* MINGVideoCellView.m */; };
		29786E1B244348AB00F9C3C7 /* UIColor+Hex.m in Sources */ = {isa = PBXBuildFile; fileRef = 29786E1A244348AB00F9C3C7 /* UIColor+Hex.m */; };
		29911F652425FCEE00E950F6 /* MINGVideoFeedViewController.m in Sources */ = {isa = PBXBuildFile; fileRef = 29911F642425FCEE00E950F6 /* MINGVideoFeedViewController.m */; };
		29911F682425FD0F00E950F6 /* MINGCircleVideoListController.m in Sources */ = {isa = PBXBuildFile; fileRef = 29911F672425FD0F00E950F6 /* MINGCircleVideoListController.m */; };
		29911F6B2425FD1C00E950F6 /* MINGProfileViewController.m in Sources */ = {isa = PBXBuildFile; fileRef = 29911F6A2425FD1C00E950F6 /* MINGProfileViewController.m */; };
		299E0BEA244857CC0017A97A /* MINGUserItem.m in Sources */ = {isa = PBXBuildFile; fileRef = 299E0BE9244857CC0017A97A /* MINGUserItem.m */; };
		299E0BF1244869D20017A97A /* MINGUserListViewController.m in Sources */ = {isa = PBXBuildFile; fileRef = 299E0BF0244869D20017A97A /* MINGUserListViewController.m */; };
		299E0BF4244869EA0017A97A /* MINGUserListViewModel.m in Sources */ = {isa = PBXBuildFile; fileRef = 299E0BF3244869EA0017A97A /* MINGUserListViewModel.m */; };
		299E0BF724486CBA0017A97A /* MINGUserTableViewCell.m in Sources */ = {isa = PBXBuildFile; fileRef = 299E0BF624486CBA0017A97A /* MINGUserTableViewCell.m */; };
		299F39EA2444637300D1B918 /* MINGVideoDetailViewModel.m in Sources */ = {isa = PBXBuildFile; fileRef = 299F39E92444637300D1B918 /* MINGVideoDetailViewModel.m */; };
		299F39ED244465B600D1B918 /* MINGCommentItem.m in Sources */ = {isa = PBXBuildFile; fileRef = 299F39EC244465B600D1B918 /* MINGCommentItem.m */; };
		299F39F12445650A00D1B918 /* MINGCommentView.m in Sources */ = {isa = PBXBuildFile; fileRef = 299F39F02445650A00D1B918 /* MINGCommentView.m */; };
		299F39F42445651F00D1B918 /* MINGCommentViewModel.m in Sources */ = {isa = PBXBuildFile; fileRef = 299F39F32445651F00D1B918 /* MINGCommentViewModel.m */; };
		299F39F72445669D00D1B918 /* MINGCommentCell.m in Sources */ = {isa = PBXBuildFile; fileRef = 299F39F62445669C00D1B918 /* MINGCommentCell.m */; };
		299F39FA244590BC00D1B918 /* MINGComment.m in Sources */ = {isa = PBXBuildFile; fileRef = 299F39F9244590BC00D1B918 /* MINGComment.m */; };
		299F39FD2445B30800D1B918 /* MINGTools.m in Sources */ = {isa = PBXBuildFile; fileRef = 299F39FC2445B30800D1B918 /* MINGTools.m */; };
		299F3A0124469D6800D1B918 /* MINGCirclePageViewController.m in Sources */ = {isa = PBXBuildFile; fileRef = 299F3A0024469D6800D1B918 /* MINGCirclePageViewController.m */; };
		299F3A0424469D8B00D1B918 /* MINGCirclePageViewModel.m in Sources */ = {isa = PBXBuildFile; fileRef = 299F3A0324469D8B00D1B918 /* MINGCirclePageViewModel.m */; };
		299F3A122446A7D100D1B918 /* XLPageViewController.m in Sources */ = {isa = PBXBuildFile; fileRef = 299F3A062446A7D100D1B918 /* XLPageViewController.m */; };
		299F3A132446A7D100D1B918 /* XLPageSegmentedTitleView.m in Sources */ = {isa = PBXBuildFile; fileRef = 299F3A072446A7D100D1B918 /* XLPageSegmentedTitleView.m */; };
		299F3A142446A7D100D1B918 /* XLPageBasicTitleView.m in Sources */ = {isa = PBXBuildFile; fileRef = 299F3A082446A7D100D1B918 /* XLPageBasicTitleView.m */; };
		299F3A152446A7D100D1B918 /* XLPageViewControllerConfig.m in Sources */ = {isa = PBXBuildFile; fileRef = 299F3A092446A7D100D1B918 /* XLPageViewControllerConfig.m */; };
		299F3A162446A7D100D1B918 /* XLPageTitleCell.m in Sources */ = {isa = PBXBuildFile; fileRef = 299F3A0F2446A7D100D1B918 /* XLPageTitleCell.m */; };
		299F3A172446A7D100D1B918 /* XLPageViewControllerUtil.m in Sources */ = {isa = PBXBuildFile; fileRef = 299F3A102446A7D100D1B918 /* XLPageViewControllerUtil.m */; };
		299F3A2A2446ABC100D1B918 /* MINGCircleSelectionViewController.m in Sources */ = {isa = PBXBuildFile; fileRef = 299F3A292446ABC100D1B918 /* MINGCircleSelectionViewController.m */; };
		299F3A2D2446ABE300D1B918 /* MINGCircleSelectionCell.m in Sources */ = {isa = PBXBuildFile; fileRef = 299F3A2C2446ABE300D1B918 /* MINGCircleSelectionCell.m */; };
		299F3A302446AE3F00D1B918 /* MINGCircleItem.m in Sources */ = {isa = PBXBuildFile; fileRef = 299F3A2F2446AE3F00D1B918 /* MINGCircleItem.m */; };
		299F3A332446AF5E00D1B918 /* MINGCircleSelectionViewModel.m in Sources */ = {isa = PBXBuildFile; fileRef = 299F3A322446AF5E00D1B918 /* MINGCircleSelectionViewModel.m */; };
		299F3A362446B5E100D1B918 /* MINGCircle.m in Sources */ = {isa = PBXBuildFile; fileRef = 299F3A352446B5E100D1B918 /* MINGCircle.m */; };
		299F3A482446FEF200D1B918 /* XLNavigationController.m in Sources */ = {isa = PBXBuildFile; fileRef = 299F3A472446FEF200D1B918 /* XLNavigationController.m */; };
		299F3AA82447238A00D1B918 /* MINGCircleDetailController.m in Sources */ = {isa = PBXBuildFile; fileRef = 299F3AA72447238A00D1B918 /* MINGCircleDetailController.m */; };
		299F3AAB244723DC00D1B918 /* MINGCircleDetailViewModel.m in Sources */ = {isa = PBXBuildFile; fileRef = 299F3AAA244723DC00D1B918 /* MINGCircleDetailViewModel.m */; };
		29AC201B2423456900641337 /* AppDelegate.m in Sources */ = {isa = PBXBuildFile; fileRef = 29AC201A2423456900641337 /* AppDelegate.m */; };
		29AC20212423456900641337 /* ViewController.m in Sources */ = {isa = PBXBuildFile; fileRef = 29AC20202423456900641337 /* ViewController.m */; };
		29AC20242423456900641337 /* Main.storyboard in Resources */ = {isa = PBXBuildFile; fileRef = 29AC20222423456900641337 /* Main.storyboard */; };
		29AC20262423456A00641337 /* Assets.xcassets in Resources */ = {isa = PBXBuildFile; fileRef = 29AC20252423456A00641337 /* Assets.xcassets */; };
		29AC20292423456A00641337 /* LaunchScreen.storyboard in Resources */ = {isa = PBXBuildFile; fileRef = 29AC20272423456A00641337 /* LaunchScreen.storyboard */; };
		29AC202C2423456A00641337 /* main.m in Sources */ = {isa = PBXBuildFile; fileRef = 29AC202B2423456A00641337 /* main.m */; };
		29CF68E2244736DD0066AECF /* MINGCircleTweetsListViewModel.m in Sources */ = {isa = PBXBuildFile; fileRef = 29CF68E1244736DD0066AECF /* MINGCircleTweetsListViewModel.m */; };
		29CF68E8244737A20066AECF /* MINGCircleTweetsListViewController.m in Sources */ = {isa = PBXBuildFile; fileRef = 29CF68E7244737A20066AECF /* MINGCircleTweetsListViewController.m */; };
		29CF68EB24474F1C0066AECF /* MINGTweetsTableViewCell.m in Sources */ = {isa = PBXBuildFile; fileRef = 29CF68EA24474F1C0066AECF /* MINGTweetsTableViewCell.m */; };
		29CF68EE244750E30066AECF /* MINGTweetsDetailViewModel.m in Sources */ = {isa = PBXBuildFile; fileRef = 29CF68ED244750E30066AECF /* MINGTweetsDetailViewModel.m */; };
		FB6D2C860821F555019D8EC1 /* Pods_MyCircle.framework in Frameworks */ = {isa = PBXBuildFile; fileRef = A81522563C3DE8872E16FE28 /* Pods_MyCircle.framework */; };
/* End PBXBuildFile section */

/* Begin PBXFileReference section */
		2914ECB02441AB7900164809 /* MINGPublishViewController.h */ = {isa = PBXFileReference; lastKnownFileType = sourcecode.c.h; path = MINGPublishViewController.h; sourceTree = "<group>"; };
		2914ECB12441AB7900164809 /* MINGPublishViewController.m */ = {isa = PBXFileReference; lastKnownFileType = sourcecode.c.objc; path = MINGPublishViewController.m; sourceTree = "<group>"; };
		2914ECB32441B44800164809 /* MINGVideoDetailViewController.h */ = {isa = PBXFileReference; lastKnownFileType = sourcecode.c.h; path = MINGVideoDetailViewController.h; sourceTree = "<group>"; };
		2914ECB42441B44800164809 /* MINGVideoDetailViewController.m */ = {isa = PBXFileReference; lastKnownFileType = sourcecode.c.objc; path = MINGVideoDetailViewController.m; sourceTree = "<group>"; };
		2914ECB62441B46100164809 /* MINGTweetsDetailViewController.h */ = {isa = PBXFileReference; lastKnownFileType = sourcecode.c.h; path = MINGTweetsDetailViewController.h; sourceTree = "<group>"; };
		2914ECB72441B46100164809 /* MINGTweetsDetailViewController.m */ = {isa = PBXFileReference; lastKnownFileType = sourcecode.c.objc; path = MINGTweetsDetailViewController.m; sourceTree = "<group>"; };
		2914ECBC2441B91C00164809 /* MINGCircleVideoListViewModel.h */ = {isa = PBXFileReference; lastKnownFileType = sourcecode.c.h; path = MINGCircleVideoListViewModel.h; sourceTree = "<group>"; };
		2914ECBD2441B91C00164809 /* MINGCircleVideoListViewModel.m */ = {isa = PBXFileReference; lastKnownFileType = sourcecode.c.objc; path = MINGCircleVideoListViewModel.m; sourceTree = "<group>"; };
		2914ECBF2441B94C00164809 /* MINGVideo.h */ = {isa = PBXFileReference; lastKnownFileType = sourcecode.c.h; path = MINGVideo.h; sourceTree = "<group>"; };
		2914ECC02441B94C00164809 /* MINGVideo.m */ = {isa = PBXFileReference; lastKnownFileType = sourcecode.c.objc; path = MINGVideo.m; sourceTree = "<group>"; };
		296036172447F80C008C9A50 /* MINGTweets.h */ = {isa = PBXFileReference; lastKnownFileType = sourcecode.c.h; path = MINGTweets.h; sourceTree = "<group>"; };
		296036182447F80C008C9A50 /* MINGTweets.m */ = {isa = PBXFileReference; lastKnownFileType = sourcecode.c.objc; path = MINGTweets.m; sourceTree = "<group>"; };
		2960361A2447F81B008C9A50 /* MINGTweetsItem.h */ = {isa = PBXFileReference; lastKnownFileType = sourcecode.c.h; path = MINGTweetsItem.h; sourceTree = "<group>"; };
		2960361B2447F81B008C9A50 /* MINGTweetsItem.m */ = {isa = PBXFileReference; lastKnownFileType = sourcecode.c.objc; path = MINGTweetsItem.m; sourceTree = "<group>"; };
		29786E012443074900F9C3C7 /* MINGUser.h */ = {isa = PBXFileReference; lastKnownFileType = sourcecode.c.h; path = MINGUser.h; sourceTree = "<group>"; };
		29786E022443074900F9C3C7 /* MINGUser.m */ = {isa = PBXFileReference; lastKnownFileType = sourcecode.c.objc; path = MINGUser.m; sourceTree = "<group>"; };
		29786E042443085E00F9C3C7 /* MINGVideoItem.h */ = {isa = PBXFileReference; lastKnownFileType = sourcecode.c.h; path = MINGVideoItem.h; sourceTree = "<group>"; };
		29786E052443085E00F9C3C7 /* MINGVideoItem.m */ = {isa = PBXFileReference; lastKnownFileType = sourcecode.c.objc; path = MINGVideoItem.m; sourceTree = "<group>"; };
		29786E0824430F2700F9C3C7 /* MINGVideoCellView.h */ = {isa = PBXFileReference; lastKnownFileType = sourcecode.c.h; path = MINGVideoCellView.h; sourceTree = "<group>"; };
		29786E0924430F2700F9C3C7 /* MINGVideoCellView.m */ = {isa = PBXFileReference; lastKnownFileType = sourcecode.c.objc; path = MINGVideoCellView.m; sourceTree = "<group>"; };
		29786E19244348AB00F9C3C7 /* UIColor+Hex.h */ = {isa = PBXFileReference; lastKnownFileType = sourcecode.c.h; path = "UIColor+Hex.h"; sourceTree = "<group>"; };
		29786E1A244348AB00F9C3C7 /* UIColor+Hex.m */ = {isa = PBXFileReference; lastKnownFileType = sourcecode.c.objc; path = "UIColor+Hex.m"; sourceTree = "<group>"; };
		29911F632425FCEE00E950F6 /* MINGVideoFeedViewController.h */ = {isa = PBXFileReference; lastKnownFileType = sourcecode.c.h; path = MINGVideoFeedViewController.h; sourceTree = "<group>"; };
		29911F642425FCEE00E950F6 /* MINGVideoFeedViewController.m */ = {isa = PBXFileReference; lastKnownFileType = sourcecode.c.objc; path = MINGVideoFeedViewController.m; sourceTree = "<group>"; };
		29911F662425FD0F00E950F6 /* MINGCircleVideoListController.h */ = {isa = PBXFileReference; lastKnownFileType = sourcecode.c.h; path = MINGCircleVideoListController.h; sourceTree = "<group>"; };
		29911F672425FD0F00E950F6 /* MINGCircleVideoListController.m */ = {isa = PBXFileReference; lastKnownFileType = sourcecode.c.objc; path = MINGCircleVideoListController.m; sourceTree = "<group>"; };
		29911F692425FD1C00E950F6 /* MINGProfileViewController.h */ = {isa = PBXFileReference; lastKnownFileType = sourcecode.c.h; path = MINGProfileViewController.h; sourceTree = "<group>"; };
		29911F6A2425FD1C00E950F6 /* MINGProfileViewController.m */ = {isa = PBXFileReference; lastKnownFileType = sourcecode.c.objc; path = MINGProfileViewController.m; sourceTree = "<group>"; };
		299E0BE8244857CC0017A97A /* MINGUserItem.h */ = {isa = PBXFileReference; lastKnownFileType = sourcecode.c.h; path = MINGUserItem.h; sourceTree = "<group>"; };
		299E0BE9244857CC0017A97A /* MINGUserItem.m */ = {isa = PBXFileReference; lastKnownFileType = sourcecode.c.objc; path = MINGUserItem.m; sourceTree = "<group>"; };
		299E0BEF244869D20017A97A /* MINGUserListViewController.h */ = {isa = PBXFileReference; lastKnownFileType = sourcecode.c.h; path = MINGUserListViewController.h; sourceTree = "<group>"; };
		299E0BF0244869D20017A97A /* MINGUserListViewController.m */ = {isa = PBXFileReference; lastKnownFileType = sourcecode.c.objc; path = MINGUserListViewController.m; sourceTree = "<group>"; };
		299E0BF2244869EA0017A97A /* MINGUserListViewModel.h */ = {isa = PBXFileReference; lastKnownFileType = sourcecode.c.h; path = MINGUserListViewModel.h; sourceTree = "<group>"; };
		299E0BF3244869EA0017A97A /* MINGUserListViewModel.m */ = {isa = PBXFileReference; lastKnownFileType = sourcecode.c.objc; path = MINGUserListViewModel.m; sourceTree = "<group>"; };
		299E0BF524486CBA0017A97A /* MINGUserTableViewCell.h */ = {isa = PBXFileReference; lastKnownFileType = sourcecode.c.h; path = MINGUserTableViewCell.h; sourceTree = "<group>"; };
		299E0BF624486CBA0017A97A /* MINGUserTableViewCell.m */ = {isa = PBXFileReference; lastKnownFileType = sourcecode.c.objc; path = MINGUserTableViewCell.m; sourceTree = "<group>"; };
		299F39E82444637300D1B918 /* MINGVideoDetailViewModel.h */ = {isa = PBXFileReference; lastKnownFileType = sourcecode.c.h; path = MINGVideoDetailViewModel.h; sourceTree = "<group>"; };
		299F39E92444637300D1B918 /* MINGVideoDetailViewModel.m */ = {isa = PBXFileReference; lastKnownFileType = sourcecode.c.objc; path = MINGVideoDetailViewModel.m; sourceTree = "<group>"; };
		299F39EB244465B600D1B918 /* MINGCommentItem.h */ = {isa = PBXFileReference; lastKnownFileType = sourcecode.c.h; path = MINGCommentItem.h; sourceTree = "<group>"; };
		299F39EC244465B600D1B918 /* MINGCommentItem.m */ = {isa = PBXFileReference; lastKnownFileType = sourcecode.c.objc; path = MINGCommentItem.m; sourceTree = "<group>"; };
		299F39EF2445650A00D1B918 /* MINGCommentView.h */ = {isa = PBXFileReference; lastKnownFileType = sourcecode.c.h; path = MINGCommentView.h; sourceTree = "<group>"; };
		299F39F02445650A00D1B918 /* MINGCommentView.m */ = {isa = PBXFileReference; lastKnownFileType = sourcecode.c.objc; path = MINGCommentView.m; sourceTree = "<group>"; };
		299F39F22445651F00D1B918 /* MINGCommentViewModel.h */ = {isa = PBXFileReference; lastKnownFileType = sourcecode.c.h; path = MINGCommentViewModel.h; sourceTree = "<group>"; };
		299F39F32445651F00D1B918 /* MINGCommentViewModel.m */ = {isa = PBXFileReference; lastKnownFileType = sourcecode.c.objc; path = MINGCommentViewModel.m; sourceTree = "<group>"; };
		299F39F52445669C00D1B918 /* MINGCommentCell.h */ = {isa = PBXFileReference; lastKnownFileType = sourcecode.c.h; path = MINGCommentCell.h; sourceTree = "<group>"; };
		299F39F62445669C00D1B918 /* MINGCommentCell.m */ = {isa = PBXFileReference; lastKnownFileType = sourcecode.c.objc; path = MINGCommentCell.m; sourceTree = "<group>"; };
		299F39F8244590BC00D1B918 /* MINGComment.h */ = {isa = PBXFileReference; lastKnownFileType = sourcecode.c.h; path = MINGComment.h; sourceTree = "<group>"; };
		299F39F9244590BC00D1B918 /* MINGComment.m */ = {isa = PBXFileReference; lastKnownFileType = sourcecode.c.objc; path = MINGComment.m; sourceTree = "<group>"; };
		299F39FB2445B30800D1B918 /* MINGTools.h */ = {isa = PBXFileReference; lastKnownFileType = sourcecode.c.h; path = MINGTools.h; sourceTree = "<group>"; };
		299F39FC2445B30800D1B918 /* MINGTools.m */ = {isa = PBXFileReference; lastKnownFileType = sourcecode.c.objc; path = MINGTools.m; sourceTree = "<group>"; };
		299F39FF24469D6800D1B918 /* MINGCirclePageViewController.h */ = {isa = PBXFileReference; lastKnownFileType = sourcecode.c.h; path = MINGCirclePageViewController.h; sourceTree = "<group>"; };
		299F3A0024469D6800D1B918 /* MINGCirclePageViewController.m */ = {isa = PBXFileReference; lastKnownFileType = sourcecode.c.objc; path = MINGCirclePageViewController.m; sourceTree = "<group>"; };
		299F3A0224469D8B00D1B918 /* MINGCirclePageViewModel.h */ = {isa = PBXFileReference; lastKnownFileType = sourcecode.c.h; path = MINGCirclePageViewModel.h; sourceTree = "<group>"; };
		299F3A0324469D8B00D1B918 /* MINGCirclePageViewModel.m */ = {isa = PBXFileReference; lastKnownFileType = sourcecode.c.objc; path = MINGCirclePageViewModel.m; sourceTree = "<group>"; };
		299F3A062446A7D100D1B918 /* XLPageViewController.m */ = {isa = PBXFileReference; fileEncoding = 4; lastKnownFileType = sourcecode.c.objc; path = XLPageViewController.m; sourceTree = "<group>"; };
		299F3A072446A7D100D1B918 /* XLPageSegmentedTitleView.m */ = {isa = PBXFileReference; fileEncoding = 4; lastKnownFileType = sourcecode.c.objc; path = XLPageSegmentedTitleView.m; sourceTree = "<group>"; };
		299F3A082446A7D100D1B918 /* XLPageBasicTitleView.m */ = {isa = PBXFileReference; fileEncoding = 4; lastKnownFileType = sourcecode.c.objc; path = XLPageBasicTitleView.m; sourceTree = "<group>"; };
		299F3A092446A7D100D1B918 /* XLPageViewControllerConfig.m */ = {isa = PBXFileReference; fileEncoding = 4; lastKnownFileType = sourcecode.c.objc; path = XLPageViewControllerConfig.m; sourceTree = "<group>"; };
		299F3A0A2446A7D100D1B918 /* XLPageViewControllerUtil.h */ = {isa = PBXFileReference; fileEncoding = 4; lastKnownFileType = sourcecode.c.h; path = XLPageViewControllerUtil.h; sourceTree = "<group>"; };
		299F3A0B2446A7D100D1B918 /* XLPageTitleCell.h */ = {isa = PBXFileReference; fileEncoding = 4; lastKnownFileType = sourcecode.c.h; path = XLPageTitleCell.h; sourceTree = "<group>"; };
		299F3A0C2446A7D100D1B918 /* XLPageSegmentedTitleView.h */ = {isa = PBXFileReference; fileEncoding = 4; lastKnownFileType = sourcecode.c.h; path = XLPageSegmentedTitleView.h; sourceTree = "<group>"; };
		299F3A0D2446A7D100D1B918 /* XLPageViewController.h */ = {isa = PBXFileReference; fileEncoding = 4; lastKnownFileType = sourcecode.c.h; path = XLPageViewController.h; sourceTree = "<group>"; };
		299F3A0E2446A7D100D1B918 /* XLPageBasicTitleView.h */ = {isa = PBXFileReference; fileEncoding = 4; lastKnownFileType = sourcecode.c.h; path = XLPageBasicTitleView.h; sourceTree = "<group>"; };
		299F3A0F2446A7D100D1B918 /* XLPageTitleCell.m */ = {isa = PBXFileReference; fileEncoding = 4; lastKnownFileType = sourcecode.c.objc; path = XLPageTitleCell.m; sourceTree = "<group>"; };
		299F3A102446A7D100D1B918 /* XLPageViewControllerUtil.m */ = {isa = PBXFileReference; fileEncoding = 4; lastKnownFileType = sourcecode.c.objc; path = XLPageViewControllerUtil.m; sourceTree = "<group>"; };
		299F3A112446A7D100D1B918 /* XLPageViewControllerConfig.h */ = {isa = PBXFileReference; fileEncoding = 4; lastKnownFileType = sourcecode.c.h; path = XLPageViewControllerConfig.h; sourceTree = "<group>"; };
		299F3A282446ABC100D1B918 /* MINGCircleSelectionViewController.h */ = {isa = PBXFileReference; lastKnownFileType = sourcecode.c.h; path = MINGCircleSelectionViewController.h; sourceTree = "<group>"; };
		299F3A292446ABC100D1B918 /* MINGCircleSelectionViewController.m */ = {isa = PBXFileReference; lastKnownFileType = sourcecode.c.objc; path = MINGCircleSelectionViewController.m; sourceTree = "<group>"; };
		299F3A2B2446ABE300D1B918 /* MINGCircleSelectionCell.h */ = {isa = PBXFileReference; lastKnownFileType = sourcecode.c.h; path = MINGCircleSelectionCell.h; sourceTree = "<group>"; };
		299F3A2C2446ABE300D1B918 /* MINGCircleSelectionCell.m */ = {isa = PBXFileReference; lastKnownFileType = sourcecode.c.objc; path = MINGCircleSelectionCell.m; sourceTree = "<group>"; };
		299F3A2E2446AE3F00D1B918 /* MINGCircleItem.h */ = {isa = PBXFileReference; lastKnownFileType = sourcecode.c.h; path = MINGCircleItem.h; sourceTree = "<group>"; };
		299F3A2F2446AE3F00D1B918 /* MINGCircleItem.m */ = {isa = PBXFileReference; lastKnownFileType = sourcecode.c.objc; path = MINGCircleItem.m; sourceTree = "<group>"; };
		299F3A312446AF5E00D1B918 /* MINGCircleSelectionViewModel.h */ = {isa = PBXFileReference; lastKnownFileType = sourcecode.c.h; path = MINGCircleSelectionViewModel.h; sourceTree = "<group>"; };
		299F3A322446AF5E00D1B918 /* MINGCircleSelectionViewModel.m */ = {isa = PBXFileReference; lastKnownFileType = sourcecode.c.objc; path = MINGCircleSelectionViewModel.m; sourceTree = "<group>"; };
		299F3A342446B5E100D1B918 /* MINGCircle.h */ = {isa = PBXFileReference; lastKnownFileType = sourcecode.c.h; path = MINGCircle.h; sourceTree = "<group>"; };
		299F3A352446B5E100D1B918 /* MINGCircle.m */ = {isa = PBXFileReference; lastKnownFileType = sourcecode.c.objc; path = MINGCircle.m; sourceTree = "<group>"; };
		299F3A462446FEF200D1B918 /* XLNavigationController.h */ = {isa = PBXFileReference; fileEncoding = 4; lastKnownFileType = sourcecode.c.h; path = XLNavigationController.h; sourceTree = "<group>"; };
		299F3A472446FEF200D1B918 /* XLNavigationController.m */ = {isa = PBXFileReference; fileEncoding = 4; lastKnownFileType = sourcecode.c.objc; path = XLNavigationController.m; sourceTree = "<group>"; };
		299F3AA62447238A00D1B918 /* MINGCircleDetailController.h */ = {isa = PBXFileReference; lastKnownFileType = sourcecode.c.h; path = MINGCircleDetailController.h; sourceTree = "<group>"; };
		299F3AA72447238A00D1B918 /* MINGCircleDetailController.m */ = {isa = PBXFileReference; lastKnownFileType = sourcecode.c.objc; path = MINGCircleDetailController.m; sourceTree = "<group>"; };
		299F3AA9244723DC00D1B918 /* MINGCircleDetailViewModel.h */ = {isa = PBXFileReference; lastKnownFileType = sourcecode.c.h; path = MINGCircleDetailViewModel.h; sourceTree = "<group>"; };
		299F3AAA244723DC00D1B918 /* MINGCircleDetailViewModel.m */ = {isa = PBXFileReference; lastKnownFileType = sourcecode.c.objc; path = MINGCircleDetailViewModel.m; sourceTree = "<group>"; };
		29AC20162423456900641337 /* MyCircle.app */ = {isa = PBXFileReference; explicitFileType = wrapper.application; includeInIndex = 0; path = MyCircle.app; sourceTree = BUILT_PRODUCTS_DIR; };
		29AC20192423456900641337 /* AppDelegate.h */ = {isa = PBXFileReference; lastKnownFileType = sourcecode.c.h; path = AppDelegate.h; sourceTree = "<group>"; };
		29AC201A2423456900641337 /* AppDelegate.m */ = {isa = PBXFileReference; lastKnownFileType = sourcecode.c.objc; path = AppDelegate.m; sourceTree = "<group>"; };
		29AC201F2423456900641337 /* ViewController.h */ = {isa = PBXFileReference; lastKnownFileType = sourcecode.c.h; path = ViewController.h; sourceTree = "<group>"; };
		29AC20202423456900641337 /* ViewController.m */ = {isa = PBXFileReference; lastKnownFileType = sourcecode.c.objc; path = ViewController.m; sourceTree = "<group>"; };
		29AC20232423456900641337 /* Base */ = {isa = PBXFileReference; lastKnownFileType = file.storyboard; name = Base; path = Base.lproj/Main.storyboard; sourceTree = "<group>"; };
		29AC20252423456A00641337 /* Assets.xcassets */ = {isa = PBXFileReference; lastKnownFileType = folder.assetcatalog; path = Assets.xcassets; sourceTree = "<group>"; };
		29AC20282423456A00641337 /* Base */ = {isa = PBXFileReference; lastKnownFileType = file.storyboard; name = Base; path = Base.lproj/LaunchScreen.storyboard; sourceTree = "<group>"; };
		29AC202A2423456A00641337 /* Info.plist */ = {isa = PBXFileReference; lastKnownFileType = text.plist.xml; path = Info.plist; sourceTree = "<group>"; };
		29AC202B2423456A00641337 /* main.m */ = {isa = PBXFileReference; lastKnownFileType = sourcecode.c.objc; path = main.m; sourceTree = "<group>"; };
		29CF68E0244736DD0066AECF /* MINGCircleTweetsListViewModel.h */ = {isa = PBXFileReference; lastKnownFileType = sourcecode.c.h; path = MINGCircleTweetsListViewModel.h; sourceTree = "<group>"; };
		29CF68E1244736DD0066AECF /* MINGCircleTweetsListViewModel.m */ = {isa = PBXFileReference; lastKnownFileType = sourcecode.c.objc; path = MINGCircleTweetsListViewModel.m; sourceTree = "<group>"; };
		29CF68E6244737A20066AECF /* MINGCircleTweetsListViewController.h */ = {isa = PBXFileReference; lastKnownFileType = sourcecode.c.h; path = MINGCircleTweetsListViewController.h; sourceTree = "<group>"; };
		29CF68E7244737A20066AECF /* MINGCircleTweetsListViewController.m */ = {isa = PBXFileReference; lastKnownFileType = sourcecode.c.objc; path = MINGCircleTweetsListViewController.m; sourceTree = "<group>"; };
		29CF68E924474F1C0066AECF /* MINGTweetsTableViewCell.h */ = {isa = PBXFileReference; lastKnownFileType = sourcecode.c.h; path = MINGTweetsTableViewCell.h; sourceTree = "<group>"; };
		29CF68EA24474F1C0066AECF /* MINGTweetsTableViewCell.m */ = {isa = PBXFileReference; lastKnownFileType = sourcecode.c.objc; path = MINGTweetsTableViewCell.m; sourceTree = "<group>"; };
		29CF68EC244750E30066AECF /* MINGTweetsDetailViewModel.h */ = {isa = PBXFileReference; lastKnownFileType = sourcecode.c.h; path = MINGTweetsDetailViewModel.h; sourceTree = "<group>"; };
		29CF68ED244750E30066AECF /* MINGTweetsDetailViewModel.m */ = {isa = PBXFileReference; lastKnownFileType = sourcecode.c.objc; path = MINGTweetsDetailViewModel.m; sourceTree = "<group>"; };
		7EA8733D26826145673529CF /* Pods-MyCircle.release.xcconfig */ = {isa = PBXFileReference; includeInIndex = 1; lastKnownFileType = text.xcconfig; name = "Pods-MyCircle.release.xcconfig"; path = "Target Support Files/Pods-MyCircle/Pods-MyCircle.release.xcconfig"; sourceTree = "<group>"; };
		A81522563C3DE8872E16FE28 /* Pods_MyCircle.framework */ = {isa = PBXFileReference; explicitFileType = wrapper.framework; includeInIndex = 0; path = Pods_MyCircle.framework; sourceTree = BUILT_PRODUCTS_DIR; };
		B034439BCF1AFA781D8F5B47 /* Pods-MyCircle.debug.xcconfig */ = {isa = PBXFileReference; includeInIndex = 1; lastKnownFileType = text.xcconfig; name = "Pods-MyCircle.debug.xcconfig"; path = "Target Support Files/Pods-MyCircle/Pods-MyCircle.debug.xcconfig"; sourceTree = "<group>"; };
/* End PBXFileReference section */

/* Begin PBXFrameworksBuildPhase section */
		29AC20132423456900641337 /* Frameworks */ = {
			isa = PBXFrameworksBuildPhase;
			buildActionMask = 2147483647;
			files = (
				FB6D2C860821F555019D8EC1 /* Pods_MyCircle.framework in Frameworks */,
			);
			runOnlyForDeploymentPostprocessing = 0;
		};
/* End PBXFrameworksBuildPhase section */

/* Begin PBXGroup section */
		2914ECAF2441AB5700164809 /* Publish */ = {
			isa = PBXGroup;
			children = (
				2914ECB02441AB7900164809 /* MINGPublishViewController.h */,
				2914ECB12441AB7900164809 /* MINGPublishViewController.m */,
			);
			path = Publish;
			sourceTree = "<group>";
		};
		2914ECB92441B74200164809 /* Controller */ = {
			isa = PBXGroup;
			children = (
				2960361D24484120008C9A50 /* Comment */,
				299F39FE24469D4200D1B918 /* Circle */,
				299F39E52444625400D1B918 /* Detail */,
				299F39E42444624900D1B918 /* List */,
			);
			path = Controller;
			sourceTree = "<group>";
		};
		2914ECBA2441B77900164809 /* ViewModel */ = {
			isa = PBXGroup;
			children = (
				299F3AA5244722E000D1B918 /* Circle */,
				299F3AA4244722B900D1B918 /* Detail */,
				299F3AA3244722A900D1B918 /* List */,
				299F3AA22447228A00D1B918 /* Comment */,
			);
			path = ViewModel;
			sourceTree = "<group>";
		};
		2914ECBB2441B78100164809 /* Model */ = {
			isa = PBXGroup;
			children = (
				2914ECBF2441B94C00164809 /* MINGVideo.h */,
				2914ECC02441B94C00164809 /* MINGVideo.m */,
				29786E012443074900F9C3C7 /* MINGUser.h */,
				29786E022443074900F9C3C7 /* MINGUser.m */,
				29786E042443085E00F9C3C7 /* MINGVideoItem.h */,
				29786E052443085E00F9C3C7 /* MINGVideoItem.m */,
				299F39EB244465B600D1B918 /* MINGCommentItem.h */,
				299F39EC244465B600D1B918 /* MINGCommentItem.m */,
				299F39F8244590BC00D1B918 /* MINGComment.h */,
				299F39F9244590BC00D1B918 /* MINGComment.m */,
				299F3A2E2446AE3F00D1B918 /* MINGCircleItem.h */,
				299F3A2F2446AE3F00D1B918 /* MINGCircleItem.m */,
				299F3A342446B5E100D1B918 /* MINGCircle.h */,
				299F3A352446B5E100D1B918 /* MINGCircle.m */,
				296036172447F80C008C9A50 /* MINGTweets.h */,
				296036182447F80C008C9A50 /* MINGTweets.m */,
				2960361A2447F81B008C9A50 /* MINGTweetsItem.h */,
				2960361B2447F81B008C9A50 /* MINGTweetsItem.m */,
				299E0BE8244857CC0017A97A /* MINGUserItem.h */,
				299E0BE9244857CC0017A97A /* MINGUserItem.m */,
			);
			path = Model;
			sourceTree = "<group>";
		};
		2960361D24484120008C9A50 /* Comment */ = {
			isa = PBXGroup;
			children = (
				299F39EF2445650A00D1B918 /* MINGCommentView.h */,
				299F39F02445650A00D1B918 /* MINGCommentView.m */,
			);
			path = Comment;
			sourceTree = "<group>";
		};
		29786E0724430F0100F9C3C7 /* View */ = {
			isa = PBXGroup;
			children = (
				299F39F52445669C00D1B918 /* MINGCommentCell.h */,
				299F39F62445669C00D1B918 /* MINGCommentCell.m */,
				29786E0824430F2700F9C3C7 /* MINGVideoCellView.h */,
				29786E0924430F2700F9C3C7 /* MINGVideoCellView.m */,
				299F3A2B2446ABE300D1B918 /* MINGCircleSelectionCell.h */,
				299F3A2C2446ABE300D1B918 /* MINGCircleSelectionCell.m */,
				29CF68E924474F1C0066AECF /* MINGTweetsTableViewCell.h */,
				29CF68EA24474F1C0066AECF /* MINGTweetsTableViewCell.m */,
				299E0BF524486CBA0017A97A /* MINGUserTableViewCell.h */,
				299E0BF624486CBA0017A97A /* MINGUserTableViewCell.m */,
			);
			path = View;
			sourceTree = "<group>";
		};
		29786E0F244346D500F9C3C7 /* Tools */ = {
			isa = PBXGroup;
			children = (
				29786E19244348AB00F9C3C7 /* UIColor+Hex.h */,
				29786E1A244348AB00F9C3C7 /* UIColor+Hex.m */,
				299F39FB2445B30800D1B918 /* MINGTools.h */,
				299F39FC2445B30800D1B918 /* MINGTools.m */,
			);
			path = Tools;
			sourceTree = "<group>";
		};
		29911F602425FCAF00E950F6 /* Feed */ = {
			isa = PBXGroup;
			children = (
				29911F632425FCEE00E950F6 /* MINGVideoFeedViewController.h */,
				29911F642425FCEE00E950F6 /* MINGVideoFeedViewController.m */,
			);
			path = Feed;
			sourceTree = "<group>";
		};
		29911F612425FCBB00E950F6 /* Circle */ = {
			isa = PBXGroup;
			children = (
				29786E0724430F0100F9C3C7 /* View */,
				2914ECBB2441B78100164809 /* Model */,
				2914ECBA2441B77900164809 /* ViewModel */,
				2914ECB92441B74200164809 /* Controller */,
			);
			path = Circle;
			sourceTree = "<group>";
		};
		29911F622425FCC200E950F6 /* Profile */ = {
			isa = PBXGroup;
			children = (
				29911F692425FD1C00E950F6 /* MINGProfileViewController.h */,
				29911F6A2425FD1C00E950F6 /* MINGProfileViewController.m */,
			);
			path = Profile;
			sourceTree = "<group>";
		};
		299E0BEE244869BB0017A97A /* userList */ = {
			isa = PBXGroup;
			children = (
				299E0BEF244869D20017A97A /* MINGUserListViewController.h */,
				299E0BF0244869D20017A97A /* MINGUserListViewController.m */,
			);
			path = userList;
			sourceTree = "<group>";
		};
		299F39E22444622500D1B918 /* videoList */ = {
			isa = PBXGroup;
			children = (
				29911F662425FD0F00E950F6 /* MINGCircleVideoListController.h */,
				29911F672425FD0F00E950F6 /* MINGCircleVideoListController.m */,
			);
			path = videoList;
			sourceTree = "<group>";
		};
		299F39E32444623800D1B918 /* tweetsList */ = {
			isa = PBXGroup;
			children = (
				29CF68E6244737A20066AECF /* MINGCircleTweetsListViewController.h */,
				29CF68E7244737A20066AECF /* MINGCircleTweetsListViewController.m */,
			);
			path = tweetsList;
			sourceTree = "<group>";
		};
		299F39E42444624900D1B918 /* List */ = {
			isa = PBXGroup;
			children = (
				299E0BEE244869BB0017A97A /* userList */,
				299F39E32444623800D1B918 /* tweetsList */,
				299F39E22444622500D1B918 /* videoList */,
			);
			path = List;
			sourceTree = "<group>";
		};
		299F39E52444625400D1B918 /* Detail */ = {
			isa = PBXGroup;
			children = (
				299F39E72444626300D1B918 /* TweetsDetail */,
				299F39E62444625D00D1B918 /* VideoDetail */,
				299F3AA62447238A00D1B918 /* MINGCircleDetailController.h */,
				299F3AA72447238A00D1B918 /* MINGCircleDetailController.m */,
			);
			path = Detail;
			sourceTree = "<group>";
		};
		299F39E62444625D00D1B918 /* VideoDetail */ = {
			isa = PBXGroup;
			children = (
				2914ECB32441B44800164809 /* MINGVideoDetailViewController.h */,
				2914ECB42441B44800164809 /* MINGVideoDetailViewController.m */,
			);
			path = VideoDetail;
			sourceTree = "<group>";
		};
		299F39E72444626300D1B918 /* TweetsDetail */ = {
			isa = PBXGroup;
			children = (
				2914ECB62441B46100164809 /* MINGTweetsDetailViewController.h */,
				2914ECB72441B46100164809 /* MINGTweetsDetailViewController.m */,
			);
			path = TweetsDetail;
			sourceTree = "<group>";
		};
		299F39FE24469D4200D1B918 /* Circle */ = {
			isa = PBXGroup;
			children = (
				299F39FF24469D6800D1B918 /* MINGCirclePageViewController.h */,
				299F3A0024469D6800D1B918 /* MINGCirclePageViewController.m */,
				299F3A282446ABC100D1B918 /* MINGCircleSelectionViewController.h */,
				299F3A292446ABC100D1B918 /* MINGCircleSelectionViewController.m */,
			);
			path = Circle;
			sourceTree = "<group>";
		};
		299F3A052446A7D100D1B918 /* XLPageViewController */ = {
			isa = PBXGroup;
			children = (
				299F3A062446A7D100D1B918 /* XLPageViewController.m */,
				299F3A072446A7D100D1B918 /* XLPageSegmentedTitleView.m */,
				299F3A082446A7D100D1B918 /* XLPageBasicTitleView.m */,
				299F3A092446A7D100D1B918 /* XLPageViewControllerConfig.m */,
				299F3A0A2446A7D100D1B918 /* XLPageViewControllerUtil.h */,
				299F3A0B2446A7D100D1B918 /* XLPageTitleCell.h */,
				299F3A0C2446A7D100D1B918 /* XLPageSegmentedTitleView.h */,
				299F3A0D2446A7D100D1B918 /* XLPageViewController.h */,
				299F3A0E2446A7D100D1B918 /* XLPageBasicTitleView.h */,
				299F3A0F2446A7D100D1B918 /* XLPageTitleCell.m */,
				299F3A102446A7D100D1B918 /* XLPageViewControllerUtil.m */,
				299F3A112446A7D100D1B918 /* XLPageViewControllerConfig.h */,
			);
			path = XLPageViewController;
			sourceTree = "<group>";
		};
		299F3A452446FEB900D1B918 /* XLNavigationViewController */ = {
			isa = PBXGroup;
			children = (
				299F3A462446FEF200D1B918 /* XLNavigationController.h */,
				299F3A472446FEF200D1B918 /* XLNavigationController.m */,
			);
			path = XLNavigationViewController;
			sourceTree = "<group>";
		};
		299F3AA22447228A00D1B918 /* Comment */ = {
			isa = PBXGroup;
			children = (
				299F39F22445651F00D1B918 /* MINGCommentViewModel.h */,
				299F39F32445651F00D1B918 /* MINGCommentViewModel.m */,
			);
			path = Comment;
			sourceTree = "<group>";
		};
		299F3AA3244722A900D1B918 /* List */ = {
			isa = PBXGroup;
			children = (
				2914ECBC2441B91C00164809 /* MINGCircleVideoListViewModel.h */,
				2914ECBD2441B91C00164809 /* MINGCircleVideoListViewModel.m */,
				29CF68E0244736DD0066AECF /* MINGCircleTweetsListViewModel.h */,
				29CF68E1244736DD0066AECF /* MINGCircleTweetsListViewModel.m */,
				299E0BF2244869EA0017A97A /* MINGUserListViewModel.h */,
				299E0BF3244869EA0017A97A /* MINGUserListViewModel.m */,
			);
			path = List;
			sourceTree = "<group>";
		};
		299F3AA4244722B900D1B918 /* Detail */ = {
			isa = PBXGroup;
			children = (
				299F39E82444637300D1B918 /* MINGVideoDetailViewModel.h */,
				299F39E92444637300D1B918 /* MINGVideoDetailViewModel.m */,
				299F3AA9244723DC00D1B918 /* MINGCircleDetailViewModel.h */,
				299F3AAA244723DC00D1B918 /* MINGCircleDetailViewModel.m */,
				29CF68EC244750E30066AECF /* MINGTweetsDetailViewModel.h */,
				29CF68ED244750E30066AECF /* MINGTweetsDetailViewModel.m */,
			);
			path = Detail;
			sourceTree = "<group>";
		};
		299F3AA5244722E000D1B918 /* Circle */ = {
			isa = PBXGroup;
			children = (
				299F3A0224469D8B00D1B918 /* MINGCirclePageViewModel.h */,
				299F3A0324469D8B00D1B918 /* MINGCirclePageViewModel.m */,
				299F3A312446AF5E00D1B918 /* MINGCircleSelectionViewModel.h */,
				299F3A322446AF5E00D1B918 /* MINGCircleSelectionViewModel.m */,
			);
			path = Circle;
			sourceTree = "<group>";
		};
		29AC200D2423456900641337 = {
			isa = PBXGroup;
			children = (
				299F3A452446FEB900D1B918 /* XLNavigationViewController */,
				299F3A052446A7D100D1B918 /* XLPageViewController */,
				29AC20182423456900641337 /* MyCircle */,
				29AC20172423456900641337 /* Products */,
				D3B3DE097141E1E3CB812F70 /* Pods */,
				EF8325B24AC7E3BC9EEDC363 /* Frameworks */,
			);
			sourceTree = "<group>";
		};
		29AC20172423456900641337 /* Products */ = {
			isa = PBXGroup;
			children = (
				29AC20162423456900641337 /* MyCircle.app */,
			);
			name = Products;
			sourceTree = "<group>";
		};
		29AC20182423456900641337 /* MyCircle */ = {
			isa = PBXGroup;
			children = (
				29786E0F244346D500F9C3C7 /* Tools */,
				2914ECAF2441AB5700164809 /* Publish */,
				29911F622425FCC200E950F6 /* Profile */,
				29911F612425FCBB00E950F6 /* Circle */,
				29911F602425FCAF00E950F6 /* Feed */,
				29AC20192423456900641337 /* AppDelegate.h */,
				29AC201A2423456900641337 /* AppDelegate.m */,
				29AC201F2423456900641337 /* ViewController.h */,
				29AC20202423456900641337 /* ViewController.m */,
				29AC20222423456900641337 /* Main.storyboard */,
				29AC20252423456A00641337 /* Assets.xcassets */,
				29AC20272423456A00641337 /* LaunchScreen.storyboard */,
				29AC202A2423456A00641337 /* Info.plist */,
				29AC202B2423456A00641337 /* main.m */,
			);
			path = MyCircle;
			sourceTree = "<group>";
		};
		D3B3DE097141E1E3CB812F70 /* Pods */ = {
			isa = PBXGroup;
			children = (
				B034439BCF1AFA781D8F5B47 /* Pods-MyCircle.debug.xcconfig */,
				7EA8733D26826145673529CF /* Pods-MyCircle.release.xcconfig */,
			);
			path = Pods;
			sourceTree = "<group>";
		};
		EF8325B24AC7E3BC9EEDC363 /* Frameworks */ = {
			isa = PBXGroup;
			children = (
				A81522563C3DE8872E16FE28 /* Pods_MyCircle.framework */,
			);
			name = Frameworks;
			sourceTree = "<group>";
		};
/* End PBXGroup section */

/* Begin PBXNativeTarget section */
		29AC20152423456900641337 /* MyCircle */ = {
			isa = PBXNativeTarget;
			buildConfigurationList = 29AC202F2423456A00641337 /* Build configuration list for PBXNativeTarget "MyCircle" */;
			buildPhases = (
				F869B5803590C0B448C91D7E /* [CP] Check Pods Manifest.lock */,
				29AC20122423456900641337 /* Sources */,
				29AC20132423456900641337 /* Frameworks */,
				29AC20142423456900641337 /* Resources */,
				A8186B3D1C54A2918CC39C96 /* [CP] Embed Pods Frameworks */,
			);
			buildRules = (
			);
			dependencies = (
			);
			name = MyCircle;
			productName = MyCircle;
			productReference = 29AC20162423456900641337 /* MyCircle.app */;
			productType = "com.apple.product-type.application";
		};
/* End PBXNativeTarget section */

/* Begin PBXProject section */
		29AC200E2423456900641337 /* Project object */ = {
			isa = PBXProject;
			attributes = {
				LastUpgradeCheck = 1130;
				ORGANIZATIONNAME = "周汉明";
				TargetAttributes = {
					29AC20152423456900641337 = {
						CreatedOnToolsVersion = 11.3.1;
					};
				};
			};
			buildConfigurationList = 29AC20112423456900641337 /* Build configuration list for PBXProject "MyCircle" */;
			compatibilityVersion = "Xcode 9.3";
			developmentRegion = en;
			hasScannedForEncodings = 0;
			knownRegions = (
				en,
				Base,
			);
			mainGroup = 29AC200D2423456900641337;
			productRefGroup = 29AC20172423456900641337 /* Products */;
			projectDirPath = "";
			projectRoot = "";
			targets = (
				29AC20152423456900641337 /* MyCircle */,
			);
		};
/* End PBXProject section */

/* Begin PBXResourcesBuildPhase section */
		29AC20142423456900641337 /* Resources */ = {
			isa = PBXResourcesBuildPhase;
			buildActionMask = 2147483647;
			files = (
				29AC20292423456A00641337 /* LaunchScreen.storyboard in Resources */,
				29AC20262423456A00641337 /* Assets.xcassets in Resources */,
				29AC20242423456900641337 /* Main.storyboard in Resources */,
			);
			runOnlyForDeploymentPostprocessing = 0;
		};
/* End PBXResourcesBuildPhase section */

/* Begin PBXShellScriptBuildPhase section */
		A8186B3D1C54A2918CC39C96 /* [CP] Embed Pods Frameworks */ = {
			isa = PBXShellScriptBuildPhase;
			buildActionMask = 2147483647;
			files = (
			);
			inputFileListPaths = (
				"${PODS_ROOT}/Target Support Files/Pods-MyCircle/Pods-MyCircle-frameworks-${CONFIGURATION}-input-files.xcfilelist",
			);
			name = "[CP] Embed Pods Frameworks";
			outputFileListPaths = (
				"${PODS_ROOT}/Target Support Files/Pods-MyCircle/Pods-MyCircle-frameworks-${CONFIGURATION}-output-files.xcfilelist",
			);
			runOnlyForDeploymentPostprocessing = 0;
			shellPath = /bin/sh;
			shellScript = "\"${PODS_ROOT}/Target Support Files/Pods-MyCircle/Pods-MyCircle-frameworks.sh\"\n";
			showEnvVarsInLog = 0;
		};
		F869B5803590C0B448C91D7E /* [CP] Check Pods Manifest.lock */ = {
			isa = PBXShellScriptBuildPhase;
			buildActionMask = 2147483647;
			files = (
			);
			inputFileListPaths = (
			);
			inputPaths = (
				"${PODS_PODFILE_DIR_PATH}/Podfile.lock",
				"${PODS_ROOT}/Manifest.lock",
			);
			name = "[CP] Check Pods Manifest.lock";
			outputFileListPaths = (
			);
			outputPaths = (
				"$(DERIVED_FILE_DIR)/Pods-MyCircle-checkManifestLockResult.txt",
			);
			runOnlyForDeploymentPostprocessing = 0;
			shellPath = /bin/sh;
			shellScript = "diff \"${PODS_PODFILE_DIR_PATH}/Podfile.lock\" \"${PODS_ROOT}/Manifest.lock\" > /dev/null\nif [ $? != 0 ] ; then\n    # print error to STDERR\n    echo \"error: The sandbox is not in sync with the Podfile.lock. Run 'pod install' or update your CocoaPods installation.\" >&2\n    exit 1\nfi\n# This output is used by Xcode 'outputs' to avoid re-running this script phase.\necho \"SUCCESS\" > \"${SCRIPT_OUTPUT_FILE_0}\"\n";
			showEnvVarsInLog = 0;
		};
/* End PBXShellScriptBuildPhase section */

/* Begin PBXSourcesBuildPhase section */
		29AC20122423456900641337 /* Sources */ = {
			isa = PBXSourcesBuildPhase;
			buildActionMask = 2147483647;
			files = (
				29CF68EE244750E30066AECF /* MINGTweetsDetailViewModel.m in Sources */,
				299F39FD2445B30800D1B918 /* MINGTools.m in Sources */,
				299F39F42445651F00D1B918 /* MINGCommentViewModel.m in Sources */,
				299F39ED244465B600D1B918 /* MINGCommentItem.m in Sources */,
				299E0BF4244869EA0017A97A /* MINGUserListViewModel.m in Sources */,
				29CF68E2244736DD0066AECF /* MINGCircleTweetsListViewModel.m in Sources */,
				299F3A482446FEF200D1B918 /* XLNavigationController.m in Sources */,
				2914ECB82441B46100164809 /* MINGTweetsDetailViewController.m in Sources */,
				296036192447F80C008C9A50 /* MINGTweets.m in Sources */,
				29AC20212423456900641337 /* ViewController.m in Sources */,
				299F3A142446A7D100D1B918 /* XLPageBasicTitleView.m in Sources */,
				299F3A302446AE3F00D1B918 /* MINGCircleItem.m in Sources */,
				299E0BEA244857CC0017A97A /* MINGUserItem.m in Sources */,
				29911F6B2425FD1C00E950F6 /* MINGProfileViewController.m in Sources */,
				29786E032443074900F9C3C7 /* MINGUser.m in Sources */,
				299E0BF724486CBA0017A97A /* MINGUserTableViewCell.m in Sources */,
				299F3A362446B5E100D1B918 /* MINGCircle.m in Sources */,
				29786E1B244348AB00F9C3C7 /* UIColor+Hex.m in Sources */,
				299F3A172446A7D100D1B918 /* XLPageViewControllerUtil.m in Sources */,
				299F3A152446A7D100D1B918 /* XLPageViewControllerConfig.m in Sources */,
				29911F652425FCEE00E950F6 /* MINGVideoFeedViewController.m in Sources */,
				299F39F12445650A00D1B918 /* MINGCommentView.m in Sources */,
				299F3A0424469D8B00D1B918 /* MINGCirclePageViewModel.m in Sources */,
				299F3A2D2446ABE300D1B918 /* MINGCircleSelectionCell.m in Sources */,
				29CF68EB24474F1C0066AECF /* MINGTweetsTableViewCell.m in Sources */,
				299F39EA2444637300D1B918 /* MINGVideoDetailViewModel.m in Sources */,
				299F3A332446AF5E00D1B918 /* MINGCircleSelectionViewModel.m in Sources */,
				29786E0A24430F2700F9C3C7 /* MINGVideoCellView.m in Sources */,
				299F3A2A2446ABC100D1B918 /* MINGCircleSelectionViewController.m in Sources */,
				2914ECB22441AB7900164809 /* MINGPublishViewController.m in Sources */,
				299F39FA244590BC00D1B918 /* MINGComment.m in Sources */,
				2914ECBE2441B91C00164809 /* MINGCircleVideoListViewModel.m in Sources */,
				2960361C2447F81B008C9A50 /* MINGTweetsItem.m in Sources */,
				29786E062443085E00F9C3C7 /* MINGVideoItem.m in Sources */,
				299E0BF1244869D20017A97A /* MINGUserListViewController.m in Sources */,
				299F3AAB244723DC00D1B918 /* MINGCircleDetailViewModel.m in Sources */,
				299F39F72445669D00D1B918 /* MINGCommentCell.m in Sources */,
				29AC201B2423456900641337 /* AppDelegate.m in Sources */,
				29CF68E8244737A20066AECF /* MINGCircleTweetsListViewController.m in Sources */,
				29AC202C2423456A00641337 /* main.m in Sources */,
				299F3AA82447238A00D1B918 /* MINGCircleDetailController.m in Sources */,
				299F3A0124469D6800D1B918 /* MINGCirclePageViewController.m in Sources */,
				2914ECB52441B44800164809 /* MINGVideoDetailViewController.m in Sources */,
				299F3A122446A7D100D1B918 /* XLPageViewController.m in Sources */,
				29911F682425FD0F00E950F6 /* MINGCircleVideoListController.m in Sources */,
				299F3A162446A7D100D1B918 /* XLPageTitleCell.m in Sources */,
				2914ECC12441B94C00164809 /* MINGVideo.m in Sources */,
				299F3A132446A7D100D1B918 /* XLPageSegmentedTitleView.m in Sources */,
			);
			runOnlyForDeploymentPostprocessing = 0;
		};
/* End PBXSourcesBuildPhase section */

/* Begin PBXVariantGroup section */
		29AC20222423456900641337 /* Main.storyboard */ = {
			isa = PBXVariantGroup;
			children = (
				29AC20232423456900641337 /* Base */,
			);
			name = Main.storyboard;
			sourceTree = "<group>";
		};
		29AC20272423456A00641337 /* LaunchScreen.storyboard */ = {
			isa = PBXVariantGroup;
			children = (
				29AC20282423456A00641337 /* Base */,
			);
			name = LaunchScreen.storyboard;
			sourceTree = "<group>";
		};
/* End PBXVariantGroup section */

/* Begin XCBuildConfiguration section */
		29AC202D2423456A00641337 /* Debug */ = {
			isa = XCBuildConfiguration;
			buildSettings = {
				ALWAYS_SEARCH_USER_PATHS = NO;
				CLANG_ANALYZER_NONNULL = YES;
				CLANG_ANALYZER_NUMBER_OBJECT_CONVERSION = YES_AGGRESSIVE;
				CLANG_CXX_LANGUAGE_STANDARD = "gnu++14";
				CLANG_CXX_LIBRARY = "libc++";
				CLANG_ENABLE_MODULES = YES;
				CLANG_ENABLE_OBJC_ARC = YES;
				CLANG_ENABLE_OBJC_WEAK = YES;
				CLANG_WARN_BLOCK_CAPTURE_AUTORELEASING = YES;
				CLANG_WARN_BOOL_CONVERSION = YES;
				CLANG_WARN_COMMA = YES;
				CLANG_WARN_CONSTANT_CONVERSION = YES;
				CLANG_WARN_DEPRECATED_OBJC_IMPLEMENTATIONS = YES;
				CLANG_WARN_DIRECT_OBJC_ISA_USAGE = YES_ERROR;
				CLANG_WARN_DOCUMENTATION_COMMENTS = YES;
				CLANG_WARN_EMPTY_BODY = YES;
				CLANG_WARN_ENUM_CONVERSION = YES;
				CLANG_WARN_INFINITE_RECURSION = YES;
				CLANG_WARN_INT_CONVERSION = YES;
				CLANG_WARN_NON_LITERAL_NULL_CONVERSION = YES;
				CLANG_WARN_OBJC_IMPLICIT_RETAIN_SELF = YES;
				CLANG_WARN_OBJC_LITERAL_CONVERSION = YES;
				CLANG_WARN_OBJC_ROOT_CLASS = YES_ERROR;
				CLANG_WARN_RANGE_LOOP_ANALYSIS = YES;
				CLANG_WARN_STRICT_PROTOTYPES = YES;
				CLANG_WARN_SUSPICIOUS_MOVE = YES;
				CLANG_WARN_UNGUARDED_AVAILABILITY = YES_AGGRESSIVE;
				CLANG_WARN_UNREACHABLE_CODE = YES;
				CLANG_WARN__DUPLICATE_METHOD_MATCH = YES;
				COPY_PHASE_STRIP = NO;
				DEBUG_INFORMATION_FORMAT = dwarf;
				ENABLE_STRICT_OBJC_MSGSEND = YES;
				ENABLE_TESTABILITY = YES;
				GCC_C_LANGUAGE_STANDARD = gnu11;
				GCC_DYNAMIC_NO_PIC = NO;
				GCC_NO_COMMON_BLOCKS = YES;
				GCC_OPTIMIZATION_LEVEL = 0;
				GCC_PREPROCESSOR_DEFINITIONS = (
					"DEBUG=1",
					"$(inherited)",
				);
				GCC_WARN_64_TO_32_BIT_CONVERSION = YES;
				GCC_WARN_ABOUT_RETURN_TYPE = YES_ERROR;
				GCC_WARN_UNDECLARED_SELECTOR = YES;
				GCC_WARN_UNINITIALIZED_AUTOS = YES_AGGRESSIVE;
				GCC_WARN_UNUSED_FUNCTION = YES;
				GCC_WARN_UNUSED_VARIABLE = YES;
				IPHONEOS_DEPLOYMENT_TARGET = 13.2;
				MTL_ENABLE_DEBUG_INFO = INCLUDE_SOURCE;
				MTL_FAST_MATH = YES;
				ONLY_ACTIVE_ARCH = YES;
				SDKROOT = iphoneos;
			};
			name = Debug;
		};
		29AC202E2423456A00641337 /* Release */ = {
			isa = XCBuildConfiguration;
			buildSettings = {
				ALWAYS_SEARCH_USER_PATHS = NO;
				CLANG_ANALYZER_NONNULL = YES;
				CLANG_ANALYZER_NUMBER_OBJECT_CONVERSION = YES_AGGRESSIVE;
				CLANG_CXX_LANGUAGE_STANDARD = "gnu++14";
				CLANG_CXX_LIBRARY = "libc++";
				CLANG_ENABLE_MODULES = YES;
				CLANG_ENABLE_OBJC_ARC = YES;
				CLANG_ENABLE_OBJC_WEAK = YES;
				CLANG_WARN_BLOCK_CAPTURE_AUTORELEASING = YES;
				CLANG_WARN_BOOL_CONVERSION = YES;
				CLANG_WARN_COMMA = YES;
				CLANG_WARN_CONSTANT_CONVERSION = YES;
				CLANG_WARN_DEPRECATED_OBJC_IMPLEMENTATIONS = YES;
				CLANG_WARN_DIRECT_OBJC_ISA_USAGE = YES_ERROR;
				CLANG_WARN_DOCUMENTATION_COMMENTS = YES;
				CLANG_WARN_EMPTY_BODY = YES;
				CLANG_WARN_ENUM_CONVERSION = YES;
				CLANG_WARN_INFINITE_RECURSION = YES;
				CLANG_WARN_INT_CONVERSION = YES;
				CLANG_WARN_NON_LITERAL_NULL_CONVERSION = YES;
				CLANG_WARN_OBJC_IMPLICIT_RETAIN_SELF = YES;
				CLANG_WARN_OBJC_LITERAL_CONVERSION = YES;
				CLANG_WARN_OBJC_ROOT_CLASS = YES_ERROR;
				CLANG_WARN_RANGE_LOOP_ANALYSIS = YES;
				CLANG_WARN_STRICT_PROTOTYPES = YES;
				CLANG_WARN_SUSPICIOUS_MOVE = YES;
				CLANG_WARN_UNGUARDED_AVAILABILITY = YES_AGGRESSIVE;
				CLANG_WARN_UNREACHABLE_CODE = YES;
				CLANG_WARN__DUPLICATE_METHOD_MATCH = YES;
				COPY_PHASE_STRIP = NO;
				DEBUG_INFORMATION_FORMAT = "dwarf-with-dsym";
				ENABLE_NS_ASSERTIONS = NO;
				ENABLE_STRICT_OBJC_MSGSEND = YES;
				GCC_C_LANGUAGE_STANDARD = gnu11;
				GCC_NO_COMMON_BLOCKS = YES;
				GCC_WARN_64_TO_32_BIT_CONVERSION = YES;
				GCC_WARN_ABOUT_RETURN_TYPE = YES_ERROR;
				GCC_WARN_UNDECLARED_SELECTOR = YES;
				GCC_WARN_UNINITIALIZED_AUTOS = YES_AGGRESSIVE;
				GCC_WARN_UNUSED_FUNCTION = YES;
				GCC_WARN_UNUSED_VARIABLE = YES;
				IPHONEOS_DEPLOYMENT_TARGET = 13.2;
				MTL_ENABLE_DEBUG_INFO = NO;
				MTL_FAST_MATH = YES;
				SDKROOT = iphoneos;
				VALIDATE_PRODUCT = YES;
			};
			name = Release;
		};
		29AC20302423456A00641337 /* Debug */ = {
			isa = XCBuildConfiguration;
			baseConfigurationReference = B034439BCF1AFA781D8F5B47 /* Pods-MyCircle.debug.xcconfig */;
			buildSettings = {
				ASSETCATALOG_COMPILER_APPICON_NAME = AppIcon;
				CODE_SIGN_STYLE = Automatic;
				INFOPLIST_FILE = MyCircle/Info.plist;
				LD_RUNPATH_SEARCH_PATHS = (
					"$(inherited)",
					"@executable_path/Frameworks",
				);
				PRODUCT_BUNDLE_IDENTIFIER = ming.MyCircle;
				PRODUCT_NAME = "$(TARGET_NAME)";
				TARGETED_DEVICE_FAMILY = "1,2";
			};
			name = Debug;
		};
		29AC20312423456A00641337 /* Release */ = {
			isa = XCBuildConfiguration;
			baseConfigurationReference = 7EA8733D26826145673529CF /* Pods-MyCircle.release.xcconfig */;
			buildSettings = {
				ASSETCATALOG_COMPILER_APPICON_NAME = AppIcon;
				CODE_SIGN_STYLE = Automatic;
				INFOPLIST_FILE = MyCircle/Info.plist;
				LD_RUNPATH_SEARCH_PATHS = (
					"$(inherited)",
					"@executable_path/Frameworks",
				);
				PRODUCT_BUNDLE_IDENTIFIER = ming.MyCircle;
				PRODUCT_NAME = "$(TARGET_NAME)";
				TARGETED_DEVICE_FAMILY = "1,2";
			};
			name = Release;
		};
/* End XCBuildConfiguration section */

/* Begin XCConfigurationList section */
		29AC20112423456900641337 /* Build configuration list for PBXProject "MyCircle" */ = {
			isa = XCConfigurationList;
			buildConfigurations = (
				29AC202D2423456A00641337 /* Debug */,
				29AC202E2423456A00641337 /* Release */,
			);
			defaultConfigurationIsVisible = 0;
			defaultConfigurationName = Release;
		};
		29AC202F2423456A00641337 /* Build configuration list for PBXNativeTarget "MyCircle" */ = {
			isa = XCConfigurationList;
			buildConfigurations = (
				29AC20302423456A00641337 /* Debug */,
				29AC20312423456A00641337 /* Release */,
			);
			defaultConfigurationIsVisible = 0;
			defaultConfigurationName = Release;
		};
/* End XCConfigurationList section */
	};
	rootObject = 29AC200E2423456900641337 /* Project object */;
}
